PODS:
  - boost-for-react-native (1.63.0)
  - DoubleConversion (1.1.6)
  - EXAppLoaderProvider (8.0.0)
  - EXConstants (8.0.0):
    - UMConstantsInterface
    - UMCore
  - EXErrorRecovery (1.0.0):
    - UMCore
  - EXFileSystem (8.0.0):
    - UMCore
    - UMFileSystemInterface
  - EXFont (8.0.0):
    - UMCore
    - UMFontInterface
  - EXKeepAwake (8.0.0):
    - UMCore
  - EXLinearGradient (8.0.0):
    - UMCore
  - EXLocation (8.0.0):
    - UMCore
    - UMPermissionsInterface
    - UMTaskManagerInterface
  - EXPermissions (8.0.0):
    - UMCore
    - UMPermissionsInterface
  - EXSQLite (8.0.0):
    - UMCore
    - UMFileSystemInterface
  - EXWebBrowser (8.0.0):
    - UMCore
  - FBLazyVector (0.61.5)
  - FBReactNativeSpec (0.61.5):
    - Folly (= 2018.10.22.00)
    - RCTRequired (= 0.61.5)
    - RCTTypeSafety (= 0.61.5)
    - React-Core (= 0.61.5)
    - React-jsi (= 0.61.5)
    - ReactCommon/turbomodule/core (= 0.61.5)
  - Folly (2018.10.22.00):
    - boost-for-react-native
    - DoubleConversion
    - Folly/Default (= 2018.10.22.00)
    - glog
  - Folly/Default (2018.10.22.00):
    - boost-for-react-native
    - DoubleConversion
    - glog
  - glog (0.3.5)
  - RCTRequired (0.61.5)
  - RCTTypeSafety (0.61.5):
    - FBLazyVector (= 0.61.5)
    - Folly (= 2018.10.22.00)
    - RCTRequired (= 0.61.5)
    - React-Core (= 0.61.5)
  - React (0.61.5):
    - React-Core (= 0.61.5)
    - React-Core/DevSupport (= 0.61.5)
    - React-Core/RCTWebSocket (= 0.61.5)
    - React-RCTActionSheet (= 0.61.5)
    - React-RCTAnimation (= 0.61.5)
    - React-RCTBlob (= 0.61.5)
    - React-RCTImage (= 0.61.5)
    - React-RCTLinking (= 0.61.5)
    - React-RCTNetwork (= 0.61.5)
    - React-RCTSettings (= 0.61.5)
    - React-RCTText (= 0.61.5)
    - React-RCTVibration (= 0.61.5)
  - React-Core (0.61.5):
    - Folly (= 2018.10.22.00)
    - glog
    - React-Core/Default (= 0.61.5)
    - React-cxxreact (= 0.61.5)
    - React-jsi (= 0.61.5)
    - React-jsiexecutor (= 0.61.5)
    - Yoga
  - React-Core/CoreModulesHeaders (0.61.5):
    - Folly (= 2018.10.22.00)
    - glog
    - React-Core/Default
    - React-cxxreact (= 0.61.5)
    - React-jsi (= 0.61.5)
    - React-jsiexecutor (= 0.61.5)
    - Yoga
  - React-Core/Default (0.61.5):
    - Folly (= 2018.10.22.00)
    - glog
    - React-cxxreact (= 0.61.5)
    - React-jsi (= 0.61.5)
    - React-jsiexecutor (= 0.61.5)
    - Yoga
  - React-Core/DevSupport (0.61.5):
    - Folly (= 2018.10.22.00)
    - glog
    - React-Core/Default (= 0.61.5)
    - React-Core/RCTWebSocket (= 0.61.5)
    - React-cxxreact (= 0.61.5)
    - React-jsi (= 0.61.5)
    - React-jsiexecutor (= 0.61.5)
    - React-jsinspector (= 0.61.5)
    - Yoga
  - React-Core/RCTActionSheetHeaders (0.61.5):
    - Folly (= 2018.10.22.00)
    - glog
    - React-Core/Default
    - React-cxxreact (= 0.61.5)
    - React-jsi (= 0.61.5)
    - React-jsiexecutor (= 0.61.5)
    - Yoga
  - React-Core/RCTAnimationHeaders (0.61.5):
    - Folly (= 2018.10.22.00)
    - glog
    - React-Core/Default
    - React-cxxreact (= 0.61.5)
    - React-jsi (= 0.61.5)
    - React-jsiexecutor (= 0.61.5)
    - Yoga
  - React-Core/RCTBlobHeaders (0.61.5):
    - Folly (= 2018.10.22.00)
    - glog
    - React-Core/Default
    - React-cxxreact (= 0.61.5)
    - React-jsi (= 0.61.5)
    - React-jsiexecutor (= 0.61.5)
    - Yoga
  - React-Core/RCTImageHeaders (0.61.5):
    - Folly (= 2018.10.22.00)
    - glog
    - React-Core/Default
    - React-cxxreact (= 0.61.5)
    - React-jsi (= 0.61.5)
    - React-jsiexecutor (= 0.61.5)
    - Yoga
  - React-Core/RCTLinkingHeaders (0.61.5):
    - Folly (= 2018.10.22.00)
    - glog
    - React-Core/Default
    - React-cxxreact (= 0.61.5)
    - React-jsi (= 0.61.5)
    - React-jsiexecutor (= 0.61.5)
    - Yoga
  - React-Core/RCTNetworkHeaders (0.61.5):
    - Folly (= 2018.10.22.00)
    - glog
    - React-Core/Default
    - React-cxxreact (= 0.61.5)
    - React-jsi (= 0.61.5)
    - React-jsiexecutor (= 0.61.5)
    - Yoga
  - React-Core/RCTSettingsHeaders (0.61.5):
    - Folly (= 2018.10.22.00)
    - glog
    - React-Core/Default
    - React-cxxreact (= 0.61.5)
    - React-jsi (= 0.61.5)
    - React-jsiexecutor (= 0.61.5)
    - Yoga
  - React-Core/RCTTextHeaders (0.61.5):
    - Folly (= 2018.10.22.00)
    - glog
    - React-Core/Default
    - React-cxxreact (= 0.61.5)
    - React-jsi (= 0.61.5)
    - React-jsiexecutor (= 0.61.5)
    - Yoga
  - React-Core/RCTVibrationHeaders (0.61.5):
    - Folly (= 2018.10.22.00)
    - glog
    - React-Core/Default
    - React-cxxreact (= 0.61.5)
    - React-jsi (= 0.61.5)
    - React-jsiexecutor (= 0.61.5)
    - Yoga
  - React-Core/RCTWebSocket (0.61.5):
    - Folly (= 2018.10.22.00)
    - glog
    - React-Core/Default (= 0.61.5)
    - React-cxxreact (= 0.61.5)
    - React-jsi (= 0.61.5)
    - React-jsiexecutor (= 0.61.5)
    - Yoga
  - React-CoreModules (0.61.5):
    - FBReactNativeSpec (= 0.61.5)
    - Folly (= 2018.10.22.00)
    - RCTTypeSafety (= 0.61.5)
    - React-Core/CoreModulesHeaders (= 0.61.5)
    - React-RCTImage (= 0.61.5)
    - ReactCommon/turbomodule/core (= 0.61.5)
  - React-cxxreact (0.61.5):
    - boost-for-react-native (= 1.63.0)
    - DoubleConversion
    - Folly (= 2018.10.22.00)
    - glog
    - React-jsinspector (= 0.61.5)
  - React-jsi (0.61.5):
    - boost-for-react-native (= 1.63.0)
    - DoubleConversion
    - Folly (= 2018.10.22.00)
    - glog
    - React-jsi/Default (= 0.61.5)
  - React-jsi/Default (0.61.5):
    - boost-for-react-native (= 1.63.0)
    - DoubleConversion
    - Folly (= 2018.10.22.00)
    - glog
  - React-jsiexecutor (0.61.5):
    - DoubleConversion
    - Folly (= 2018.10.22.00)
    - glog
    - React-cxxreact (= 0.61.5)
    - React-jsi (= 0.61.5)
  - React-jsinspector (0.61.5)
  - react-native-blur (0.8.0):
    - React
  - react-native-safe-area-context (0.7.3):
    - React
  - React-RCTActionSheet (0.61.5):
    - React-Core/RCTActionSheetHeaders (= 0.61.5)
  - React-RCTAnimation (0.61.5):
    - React-Core/RCTAnimationHeaders (= 0.61.5)
  - React-RCTBlob (0.61.5):
    - React-Core/RCTBlobHeaders (= 0.61.5)
    - React-Core/RCTWebSocket (= 0.61.5)
    - React-jsi (= 0.61.5)
    - React-RCTNetwork (= 0.61.5)
  - React-RCTImage (0.61.5):
    - React-Core/RCTImageHeaders (= 0.61.5)
    - React-RCTNetwork (= 0.61.5)
  - React-RCTLinking (0.61.5):
    - React-Core/RCTLinkingHeaders (= 0.61.5)
  - React-RCTNetwork (0.61.5):
    - React-Core/RCTNetworkHeaders (= 0.61.5)
  - React-RCTSettings (0.61.5):
    - React-Core/RCTSettingsHeaders (= 0.61.5)
  - React-RCTText (0.61.5):
    - React-Core/RCTTextHeaders (= 0.61.5)
  - React-RCTVibration (0.61.5):
    - React-Core/RCTVibrationHeaders (= 0.61.5)
  - ReactCommon/jscallinvoker (0.61.5):
    - DoubleConversion
    - Folly (= 2018.10.22.00)
    - glog
    - React-cxxreact (= 0.61.5)
  - ReactCommon/turbomodule/core (0.61.5):
    - DoubleConversion
    - Folly (= 2018.10.22.00)
    - glog
    - React-Core (= 0.61.5)
    - React-cxxreact (= 0.61.5)
    - React-jsi (= 0.61.5)
    - ReactCommon/jscallinvoker (= 0.61.5)
  - ReactNativeUiLib (5.3.1):
    - React
  - RNCMaskedView (0.1.7):
    - React
  - RNDateTimePicker (2.2.3):
    - React
  - RNGestureHandler (1.5.6):
    - React
  - RNReanimated (1.4.0):
    - React
  - RNScreens (2.0.0-alpha.12):
    - React
  - UMBarCodeScannerInterface (5.0.0)
  - UMCameraInterface (5.0.0)
  - UMConstantsInterface (5.0.0)
  - UMCore (5.0.0)
  - UMFaceDetectorInterface (5.0.0)
  - UMFileSystemInterface (5.0.0)
  - UMFontInterface (5.0.0)
  - UMImageLoaderInterface (5.0.0)
  - UMPermissionsInterface (5.0.0)
  - UMReactNativeAdapter (5.0.0):
    - React-Core
    - UMCore
    - UMFontInterface
  - UMSensorsInterface (5.0.0)
  - UMTaskManagerInterface (5.0.0)
  - Yoga (1.14.0)

DEPENDENCIES:
  - DoubleConversion (from `../node_modules/react-native/third-party-podspecs/DoubleConversion.podspec`)
  - EXAppLoaderProvider (from `../node_modules/expo-app-loader-provider/ios`)
  - EXConstants (from `../node_modules/expo-constants/ios`)
  - EXErrorRecovery (from `../node_modules/expo-error-recovery/ios`)
  - EXFileSystem (from `../node_modules/expo-file-system/ios`)
  - EXFont (from `../node_modules/expo-font/ios`)
  - EXKeepAwake (from `../node_modules/expo-keep-awake/ios`)
  - EXLinearGradient (from `../node_modules/expo-linear-gradient/ios`)
  - EXLocation (from `../node_modules/expo-location/ios`)
  - EXPermissions (from `../node_modules/expo-permissions/ios`)
  - EXSQLite (from `../node_modules/expo-sqlite/ios`)
  - EXWebBrowser (from `../node_modules/expo-web-browser/ios`)
  - FBLazyVector (from `../node_modules/react-native/Libraries/FBLazyVector`)
  - FBReactNativeSpec (from `../node_modules/react-native/Libraries/FBReactNativeSpec`)
  - Folly (from `../node_modules/react-native/third-party-podspecs/Folly.podspec`)
  - glog (from `../node_modules/react-native/third-party-podspecs/glog.podspec`)
  - RCTRequired (from `../node_modules/react-native/Libraries/RCTRequired`)
  - RCTTypeSafety (from `../node_modules/react-native/Libraries/TypeSafety`)
  - React (from `../node_modules/react-native/`)
  - React-Core (from `../node_modules/react-native/`)
  - React-Core/DevSupport (from `../node_modules/react-native/`)
  - React-Core/RCTWebSocket (from `../node_modules/react-native/`)
  - React-CoreModules (from `../node_modules/react-native/React/CoreModules`)
  - React-cxxreact (from `../node_modules/react-native/ReactCommon/cxxreact`)
  - React-jsi (from `../node_modules/react-native/ReactCommon/jsi`)
  - React-jsiexecutor (from `../node_modules/react-native/ReactCommon/jsiexecutor`)
  - React-jsinspector (from `../node_modules/react-native/ReactCommon/jsinspector`)
  - "react-native-blur (from `../node_modules/@react-native-community/blur`)"
  - react-native-safe-area-context (from `../node_modules/react-native-safe-area-context`)
  - React-RCTActionSheet (from `../node_modules/react-native/Libraries/ActionSheetIOS`)
  - React-RCTAnimation (from `../node_modules/react-native/Libraries/NativeAnimation`)
  - React-RCTBlob (from `../node_modules/react-native/Libraries/Blob`)
  - React-RCTImage (from `../node_modules/react-native/Libraries/Image`)
  - React-RCTLinking (from `../node_modules/react-native/Libraries/LinkingIOS`)
  - React-RCTNetwork (from `../node_modules/react-native/Libraries/Network`)
  - React-RCTSettings (from `../node_modules/react-native/Libraries/Settings`)
  - React-RCTText (from `../node_modules/react-native/Libraries/Text`)
  - React-RCTVibration (from `../node_modules/react-native/Libraries/Vibration`)
  - ReactCommon/jscallinvoker (from `../node_modules/react-native/ReactCommon`)
  - ReactCommon/turbomodule/core (from `../node_modules/react-native/ReactCommon`)
  - ReactNativeUiLib (from `../node_modules/react-native-ui-lib`)
  - "RNCMaskedView (from `../node_modules/@react-native-community/masked-view`)"
  - "RNDateTimePicker (from `../node_modules/@react-native-community/datetimepicker`)"
  - RNGestureHandler (from `../node_modules/react-native-gesture-handler`)
  - RNReanimated (from `../node_modules/react-native-reanimated`)
  - RNScreens (from `../node_modules/react-native-screens`)
  - UMBarCodeScannerInterface (from `../node_modules/unimodules-barcode-scanner-interface/ios`)
  - UMCameraInterface (from `../node_modules/unimodules-camera-interface/ios`)
  - UMConstantsInterface (from `../node_modules/unimodules-constants-interface/ios`)
  - "UMCore (from `../node_modules/@unimodules/core/ios`)"
  - UMFaceDetectorInterface (from `../node_modules/unimodules-face-detector-interface/ios`)
  - UMFileSystemInterface (from `../node_modules/unimodules-file-system-interface/ios`)
  - UMFontInterface (from `../node_modules/unimodules-font-interface/ios`)
  - UMImageLoaderInterface (from `../node_modules/unimodules-image-loader-interface/ios`)
  - UMPermissionsInterface (from `../node_modules/unimodules-permissions-interface/ios`)
  - "UMReactNativeAdapter (from `../node_modules/@unimodules/react-native-adapter/ios`)"
  - UMSensorsInterface (from `../node_modules/unimodules-sensors-interface/ios`)
  - UMTaskManagerInterface (from `../node_modules/unimodules-task-manager-interface/ios`)
  - Yoga (from `../node_modules/react-native/ReactCommon/yoga`)

SPEC REPOS:
  trunk:
    - boost-for-react-native

EXTERNAL SOURCES:
  DoubleConversion:
    :podspec: "../node_modules/react-native/third-party-podspecs/DoubleConversion.podspec"
  EXAppLoaderProvider:
    :path: !ruby/object:Pathname
    path: "../node_modules/expo-app-loader-provider/ios"
  EXConstants:
    :path: !ruby/object:Pathname
    path: "../node_modules/expo-constants/ios"
  EXErrorRecovery:
    :path: !ruby/object:Pathname
    path: "../node_modules/expo-error-recovery/ios"
  EXFileSystem:
    :path: !ruby/object:Pathname
    path: "../node_modules/expo-file-system/ios"
  EXFont:
    :path: !ruby/object:Pathname
    path: "../node_modules/expo-font/ios"
  EXKeepAwake:
    :path: !ruby/object:Pathname
    path: "../node_modules/expo-keep-awake/ios"
  EXLinearGradient:
    :path: !ruby/object:Pathname
    path: "../node_modules/expo-linear-gradient/ios"
  EXLocation:
    :path: !ruby/object:Pathname
    path: "../node_modules/expo-location/ios"
  EXPermissions:
    :path: !ruby/object:Pathname
    path: "../node_modules/expo-permissions/ios"
  EXSQLite:
    :path: !ruby/object:Pathname
    path: "../node_modules/expo-sqlite/ios"
  EXWebBrowser:
    :path: !ruby/object:Pathname
    path: "../node_modules/expo-web-browser/ios"
  FBLazyVector:
    :path: "../node_modules/react-native/Libraries/FBLazyVector"
  FBReactNativeSpec:
    :path: "../node_modules/react-native/Libraries/FBReactNativeSpec"
  Folly:
    :podspec: "../node_modules/react-native/third-party-podspecs/Folly.podspec"
  glog:
    :podspec: "../node_modules/react-native/third-party-podspecs/glog.podspec"
  RCTRequired:
    :path: "../node_modules/react-native/Libraries/RCTRequired"
  RCTTypeSafety:
    :path: "../node_modules/react-native/Libraries/TypeSafety"
  React:
    :path: "../node_modules/react-native/"
  React-Core:
    :path: "../node_modules/react-native/"
  React-CoreModules:
    :path: "../node_modules/react-native/React/CoreModules"
  React-cxxreact:
    :path: "../node_modules/react-native/ReactCommon/cxxreact"
  React-jsi:
    :path: "../node_modules/react-native/ReactCommon/jsi"
  React-jsiexecutor:
    :path: "../node_modules/react-native/ReactCommon/jsiexecutor"
  React-jsinspector:
    :path: "../node_modules/react-native/ReactCommon/jsinspector"
  react-native-blur:
    :path: "../node_modules/@react-native-community/blur"
  react-native-safe-area-context:
    :path: "../node_modules/react-native-safe-area-context"
  React-RCTActionSheet:
    :path: "../node_modules/react-native/Libraries/ActionSheetIOS"
  React-RCTAnimation:
    :path: "../node_modules/react-native/Libraries/NativeAnimation"
  React-RCTBlob:
    :path: "../node_modules/react-native/Libraries/Blob"
  React-RCTImage:
    :path: "../node_modules/react-native/Libraries/Image"
  React-RCTLinking:
    :path: "../node_modules/react-native/Libraries/LinkingIOS"
  React-RCTNetwork:
    :path: "../node_modules/react-native/Libraries/Network"
  React-RCTSettings:
    :path: "../node_modules/react-native/Libraries/Settings"
  React-RCTText:
    :path: "../node_modules/react-native/Libraries/Text"
  React-RCTVibration:
    :path: "../node_modules/react-native/Libraries/Vibration"
  ReactCommon:
    :path: "../node_modules/react-native/ReactCommon"
  ReactNativeUiLib:
    :path: "../node_modules/react-native-ui-lib"
  RNCMaskedView:
    :path: "../node_modules/@react-native-community/masked-view"
  RNDateTimePicker:
    :path: "../node_modules/@react-native-community/datetimepicker"
  RNGestureHandler:
    :path: "../node_modules/react-native-gesture-handler"
  RNReanimated:
    :path: "../node_modules/react-native-reanimated"
  RNScreens:
    :path: "../node_modules/react-native-screens"
  UMBarCodeScannerInterface:
    :path: !ruby/object:Pathname
    path: "../node_modules/unimodules-barcode-scanner-interface/ios"
  UMCameraInterface:
    :path: !ruby/object:Pathname
    path: "../node_modules/unimodules-camera-interface/ios"
  UMConstantsInterface:
    :path: !ruby/object:Pathname
    path: "../node_modules/unimodules-constants-interface/ios"
  UMCore:
    :path: !ruby/object:Pathname
    path: "../node_modules/@unimodules/core/ios"
  UMFaceDetectorInterface:
    :path: !ruby/object:Pathname
    path: "../node_modules/unimodules-face-detector-interface/ios"
  UMFileSystemInterface:
    :path: !ruby/object:Pathname
    path: "../node_modules/unimodules-file-system-interface/ios"
  UMFontInterface:
    :path: !ruby/object:Pathname
    path: "../node_modules/unimodules-font-interface/ios"
  UMImageLoaderInterface:
    :path: !ruby/object:Pathname
    path: "../node_modules/unimodules-image-loader-interface/ios"
  UMPermissionsInterface:
    :path: !ruby/object:Pathname
    path: "../node_modules/unimodules-permissions-interface/ios"
  UMReactNativeAdapter:
    :path: !ruby/object:Pathname
    path: "../node_modules/@unimodules/react-native-adapter/ios"
  UMSensorsInterface:
    :path: !ruby/object:Pathname
    path: "../node_modules/unimodules-sensors-interface/ios"
  UMTaskManagerInterface:
    :path: !ruby/object:Pathname
    path: "../node_modules/unimodules-task-manager-interface/ios"
  Yoga:
    :path: "../node_modules/react-native/ReactCommon/yoga"

SPEC CHECKSUMS:
  boost-for-react-native: 39c7adb57c4e60d6c5479dd8623128eb5b3f0f2c
  DoubleConversion: 5805e889d232975c086db112ece9ed034df7a0b2
  EXAppLoaderProvider: f6aeb45ee81887811b34eee5c5f235a6111d58d0
  EXConstants: e287774d0d32634ddaef614f2e488c550c6deefc
  EXErrorRecovery: 5e1d671b4ce87e47c6dfd7ffa858d8d730f24777
  EXFileSystem: fa8ecad925ad984681910a2273930f7255a0a9b5
  EXFont: 5e3c087bc09461075a070457fa7c9df3c2bf17cf
  EXKeepAwake: 5f96bd91d4d3be5ef12c59ef7efafeac0f50ad2f
  EXLinearGradient: d5c7fa637f82566318261b7614d325b334ceed08
  EXLocation: e994c186f94340caf1a9ace96b3458a72472553c
  EXPermissions: 3e58e0fbb2e9539ad1ef5617ff02c2356447421e
  EXSQLite: 3297f74a9d36eb1eb1c2cd9b9037fe01170db15a
  EXWebBrowser: 7e1b05d3f517e685267d51971a21f635f2e6bf06
  FBLazyVector: aaeaf388755e4f29cd74acbc9e3b8da6d807c37f
  FBReactNativeSpec: 118d0d177724c2d67f08a59136eb29ef5943ec75
  Folly: 30e7936e1c45c08d884aa59369ed951a8e68cf51
  glog: 1f3da668190260b06b429bb211bfbee5cd790c28
  RCTRequired: b153add4da6e7dbc44aebf93f3cf4fcae392ddf1
  RCTTypeSafety: 9aa1b91d7f9310fc6eadc3cf95126ffe818af320
  React: b6a59ef847b2b40bb6e0180a97d0ca716969ac78
  React-Core: 688b451f7d616cc1134ac95295b593d1b5158a04
  React-CoreModules: d04f8494c1a328b69ec11db9d1137d667f916dcb
  React-cxxreact: d0f7bcafa196ae410e5300736b424455e7fb7ba7
  React-jsi: cb2cd74d7ccf4cffb071a46833613edc79cdf8f7
  React-jsiexecutor: d5525f9ed5f782fdbacb64b9b01a43a9323d2386
  React-jsinspector: fa0ecc501688c3c4c34f28834a76302233e29dc0
  react-native-blur: cad4d93b364f91e7b7931b3fa935455487e5c33c
  react-native-safe-area-context: 8260e5157617df4b72865f44006797f895b2ada7
  React-RCTActionSheet: 600b4d10e3aea0913b5a92256d2719c0cdd26d76
  React-RCTAnimation: 791a87558389c80908ed06cc5dfc5e7920dfa360
  React-RCTBlob: d89293cc0236d9cb0933d85e430b0bbe81ad1d72
  React-RCTImage: 6b8e8df449eb7c814c99a92d6b52de6fe39dea4e
  React-RCTLinking: 121bb231c7503cf9094f4d8461b96a130fabf4a5
  React-RCTNetwork: fb353640aafcee84ca8b78957297bd395f065c9a
  React-RCTSettings: 8db258ea2a5efee381fcf7a6d5044e2f8b68b640
  React-RCTText: 9ccc88273e9a3aacff5094d2175a605efa854dbe
  React-RCTVibration: a49a1f42bf8f5acf1c3e297097517c6b3af377ad
  ReactCommon: 198c7c8d3591f975e5431bec1b0b3b581aa1c5dd
  ReactNativeUiLib: adb104f688d7ee98357a2d683d5eb3e7d928fb00
  RNCMaskedView: 90dd32f5b786bd562e876e1421ea77c700cbf71e
  RNDateTimePicker: 647f891a27a68b44d012fd7c6183844268ab0342
  RNGestureHandler: 911d3b110a7a233a34c4f800e7188a84b75319c6
  RNReanimated: b2ab0b693dddd2339bd2f300e770f6302d2e960c
  RNScreens: 254da4b84f25971cbb30ed3ddc84131f23cac812
  UMBarCodeScannerInterface: 550e7ffd7a789289260bde3d547be29407e75437
  UMCameraInterface: 51e4568d64e77615557afaad9a3acdaad5d32d9f
  UMConstantsInterface: 23d658b73efc2b8090519b32007c3de725339492
  UMCore: 70ffbb181a04d87b029b0235873e59090690b7ab
  UMFaceDetectorInterface: b29febb6c855acb2891d024bb8059f5a8feb37d0
  UMFileSystemInterface: 31b0a8461d0c635940b70618f82524e321b55d7c
  UMFontInterface: c82a5e8e17d1578f0b76745535a5f4dc43971970
  UMImageLoaderInterface: bd64d84e5772165a13575f7ddd43b489f51e5694
  UMPermissionsInterface: 907d0112f59b172550fe36174432024a4d5f0cd7
  UMReactNativeAdapter: 7ec3c2da240e767df8257bc487251ae03447d1b0
  UMSensorsInterface: 1b36739f5241fa88ba483be9520d0a30e4d6f84c
  UMTaskManagerInterface: ee5b1ee1056eb338ff2d521ba79460d8cd0bae7d
  Yoga: f2a7cd4280bfe2cca5a7aed98ba0eb3d1310f18b

PODFILE CHECKSUM: e5293a4d713c2ac6dcafbed422ddd8d8c46f1cf5

COCOAPODS: 1.8.4
