// !$*UTF8*$!
{
	archiveVersion = 1;
	classes = {
	};
	objectVersion = 48;
	objects = {

/* Begin PBXBuildFile section */
		1054385623BBA1C200D04E48 /* ObservingInputAccessoryViewTemp.m in Sources */ = {isa = PBXBuildFile; fileRef = 1054385523BBA1C200D04E48 /* ObservingInputAccessoryViewTemp.m */; };
		1054385923BBA27900D04E48 /* UIResponder+FirstResponderTemp.m in Sources */ = {isa = PBXBuildFile; fileRef = 1054385823BBA27900D04E48 /* UIResponder+FirstResponderTemp.m */; };
		1054385C23BC748700D04E48 /* KeyboardTrackingViewTempManager.m in Sources */ = {isa = PBXBuildFile; fileRef = 1054385A23BC748700D04E48 /* KeyboardTrackingViewTempManager.m */; };
		10823FBE23B0BAA200429E9A /* Color+Interpolation.m in Sources */ = {isa = PBXBuildFile; fileRef = 10823FBD23B0BAA200429E9A /* Color+Interpolation.m */; };
		10823FC023B0BE5600429E9A /* LNAnimator.m in Sources */ = {isa = PBXBuildFile; fileRef = 10823FBF23B0BE5600429E9A /* LNAnimator.m */; };
		10823FC223B0BE9100429E9A /* LNInterpolable.m in Sources */ = {isa = PBXBuildFile; fileRef = 10823FC123B0BE9100429E9A /* LNInterpolable.m */; };
		10823FC623B0BF0C00429E9A /* NSValue+Interpolation.mm in Sources */ = {isa = PBXBuildFile; fileRef = 10823FC523B0BF0C00429E9A /* NSValue+Interpolation.mm */; };
		10823FCA23B0BF8400429E9A /* RCTCustomInputController.m in Sources */ = {isa = PBXBuildFile; fileRef = 10823FC923B0BF8400429E9A /* RCTCustomInputController.m */; };
		10823FCD23B0BFAC00429E9A /* RCTCustomKeyboardViewController.m in Sources */ = {isa = PBXBuildFile; fileRef = 10823FCC23B0BFAC00429E9A /* RCTCustomKeyboardViewController.m */; };
		D8AFAC9F204E004D00D28FED /* SafeAreaSpacerViewManager.m in Sources */ = {isa = PBXBuildFile; fileRef = D8AFAC99204E004C00D28FED /* SafeAreaSpacerViewManager.m */; };
		D8AFACA0204E004D00D28FED /* SafeAreaSpacerShadowView.m in Sources */ = {isa = PBXBuildFile; fileRef = D8AFAC9A204E004C00D28FED /* SafeAreaSpacerShadowView.m */; };
		D8AFACA1204E004D00D28FED /* SafeAreaSpacerViewLocalData.m in Sources */ = {isa = PBXBuildFile; fileRef = D8AFAC9D204E004C00D28FED /* SafeAreaSpacerViewLocalData.m */; };
		D8AFACA2204E004D00D28FED /* SafeAreaSpacerView.m in Sources */ = {isa = PBXBuildFile; fileRef = D8AFAC9E204E004D00D28FED /* SafeAreaSpacerView.m */; };
		D8D93E7520161B1F00A39331 /* HighlighterView.m in Sources */ = {isa = PBXBuildFile; fileRef = D8D93E7220161B1F00A39331 /* HighlighterView.m */; };
		D8D93E7620161B1F00A39331 /* HighlighterViewManager.m in Sources */ = {isa = PBXBuildFile; fileRef = D8D93E7420161B1F00A39331 /* HighlighterViewManager.m */; };
		D8E5A538204C4F170000DA01 /* SafeAreaManager.m in Sources */ = {isa = PBXBuildFile; fileRef = D8E5A537204C4F170000DA01 /* SafeAreaManager.m */; };
/* End PBXBuildFile section */

/* Begin PBXCopyFilesBuildPhase section */
		D8D93E6220161A7F00A39331 /* CopyFiles */ = {
			isa = PBXCopyFilesBuildPhase;
			buildActionMask = 2147483647;
			dstPath = "include/$(PRODUCT_NAME)";
			dstSubfolderSpec = 16;
			files = (
			);
			runOnlyForDeploymentPostprocessing = 0;
		};
/* End PBXCopyFilesBuildPhase section */

/* Begin PBXFileReference section */
		1054385423BBA1B800D04E48 /* ObservingInputAccessoryViewTemp.h */ = {isa = PBXFileReference; lastKnownFileType = sourcecode.c.h; path = ObservingInputAccessoryViewTemp.h; sourceTree = "<group>"; };
		1054385523BBA1C200D04E48 /* ObservingInputAccessoryViewTemp.m */ = {isa = PBXFileReference; lastKnownFileType = sourcecode.c.objc; path = ObservingInputAccessoryViewTemp.m; sourceTree = "<group>"; };
		1054385723BBA26800D04E48 /* UIResponder+FirstResponderTemp.h */ = {isa = PBXFileReference; lastKnownFileType = sourcecode.c.h; path = "UIResponder+FirstResponderTemp.h"; sourceTree = "<group>"; };
		1054385823BBA27900D04E48 /* UIResponder+FirstResponderTemp.m */ = {isa = PBXFileReference; lastKnownFileType = sourcecode.c.objc; path = "UIResponder+FirstResponderTemp.m"; sourceTree = "<group>"; };
		1054385A23BC748700D04E48 /* KeyboardTrackingViewTempManager.m */ = {isa = PBXFileReference; fileEncoding = 4; lastKnownFileType = sourcecode.c.objc; path = KeyboardTrackingViewTempManager.m; sourceTree = "<group>"; };
		1054385B23BC748700D04E48 /* KeyboardTrackingViewTempManager.h */ = {isa = PBXFileReference; fileEncoding = 4; lastKnownFileType = sourcecode.c.h; path = KeyboardTrackingViewTempManager.h; sourceTree = "<group>"; };
		10823FB823B0B9D000429E9A /* Color+Interpolation.h */ = {isa = PBXFileReference; lastKnownFileType = sourcecode.c.h; path = "Color+Interpolation.h"; sourceTree = "<group>"; };
		10823FB923B0B9DC00429E9A /* LNAnimator.h */ = {isa = PBXFileReference; lastKnownFileType = sourcecode.c.h; path = LNAnimator.h; sourceTree = "<group>"; };
		10823FBA23B0B9ED00429E9A /* LNInterpolable.h */ = {isa = PBXFileReference; lastKnownFileType = sourcecode.c.h; path = LNInterpolable.h; sourceTree = "<group>"; };
		10823FBB23B0B9FA00429E9A /* LNInterpolation.h */ = {isa = PBXFileReference; lastKnownFileType = sourcecode.c.h; path = LNInterpolation.h; sourceTree = "<group>"; };
		10823FBC23B0BA0900429E9A /* NSValue+Interpolation.h */ = {isa = PBXFileReference; lastKnownFileType = sourcecode.c.h; path = "NSValue+Interpolation.h"; sourceTree = "<group>"; };
		10823FBD23B0BAA200429E9A /* Color+Interpolation.m */ = {isa = PBXFileReference; lastKnownFileType = sourcecode.c.objc; path = "Color+Interpolation.m"; sourceTree = "<group>"; };
		10823FBF23B0BE5600429E9A /* LNAnimator.m */ = {isa = PBXFileReference; lastKnownFileType = sourcecode.c.objc; path = LNAnimator.m; sourceTree = "<group>"; };
		10823FC123B0BE9100429E9A /* LNInterpolable.m */ = {isa = PBXFileReference; lastKnownFileType = sourcecode.c.objc; path = LNInterpolable.m; sourceTree = "<group>"; };
		10823FC523B0BF0C00429E9A /* NSValue+Interpolation.mm */ = {isa = PBXFileReference; lastKnownFileType = sourcecode.cpp.objcpp; path = "NSValue+Interpolation.mm"; sourceTree = "<group>"; };
		10823FC823B0BF6B00429E9A /* RCTCustomInputController.h */ = {isa = PBXFileReference; lastKnownFileType = sourcecode.c.h; path = RCTCustomInputController.h; sourceTree = "<group>"; };
		10823FC923B0BF8400429E9A /* RCTCustomInputController.m */ = {isa = PBXFileReference; lastKnownFileType = sourcecode.c.objc; path = RCTCustomInputController.m; sourceTree = "<group>"; };
		10823FCB23B0BF9600429E9A /* RCTCustomKeyboardViewController.h */ = {isa = PBXFileReference; lastKnownFileType = sourcecode.c.h; path = RCTCustomKeyboardViewController.h; sourceTree = "<group>"; };
		10823FCC23B0BFAC00429E9A /* RCTCustomKeyboardViewController.m */ = {isa = PBXFileReference; lastKnownFileType = sourcecode.c.objc; path = RCTCustomKeyboardViewController.m; sourceTree = "<group>"; };
		D8AFAC97204E004C00D28FED /* SafeAreaSpacerShadowView.h */ = {isa = PBXFileReference; fileEncoding = 4; lastKnownFileType = sourcecode.c.h; path = SafeAreaSpacerShadowView.h; sourceTree = "<group>"; };
		D8AFAC98204E004C00D28FED /* SafeAreaSpacerViewManager.h */ = {isa = PBXFileReference; fileEncoding = 4; lastKnownFileType = sourcecode.c.h; path = SafeAreaSpacerViewManager.h; sourceTree = "<group>"; };
		D8AFAC99204E004C00D28FED /* SafeAreaSpacerViewManager.m */ = {isa = PBXFileReference; fileEncoding = 4; lastKnownFileType = sourcecode.c.objc; path = SafeAreaSpacerViewManager.m; sourceTree = "<group>"; };
		D8AFAC9A204E004C00D28FED /* SafeAreaSpacerShadowView.m */ = {isa = PBXFileReference; fileEncoding = 4; lastKnownFileType = sourcecode.c.objc; path = SafeAreaSpacerShadowView.m; sourceTree = "<group>"; };
		D8AFAC9B204E004C00D28FED /* SafeAreaSpacerViewLocalData.h */ = {isa = PBXFileReference; fileEncoding = 4; lastKnownFileType = sourcecode.c.h; path = SafeAreaSpacerViewLocalData.h; sourceTree = "<group>"; };
		D8AFAC9C204E004C00D28FED /* SafeAreaSpacerView.h */ = {isa = PBXFileReference; fileEncoding = 4; lastKnownFileType = sourcecode.c.h; path = SafeAreaSpacerView.h; sourceTree = "<group>"; };
		D8AFAC9D204E004C00D28FED /* SafeAreaSpacerViewLocalData.m */ = {isa = PBXFileReference; fileEncoding = 4; lastKnownFileType = sourcecode.c.objc; path = SafeAreaSpacerViewLocalData.m; sourceTree = "<group>"; };
		D8AFAC9E204E004D00D28FED /* SafeAreaSpacerView.m */ = {isa = PBXFileReference; fileEncoding = 4; lastKnownFileType = sourcecode.c.objc; path = SafeAreaSpacerView.m; sourceTree = "<group>"; };
		D8D93E6420161A7F00A39331 /* libreactnativeuilib.a */ = {isa = PBXFileReference; explicitFileType = archive.ar; includeInIndex = 0; path = libreactnativeuilib.a; sourceTree = BUILT_PRODUCTS_DIR; };
		D8D93E7120161B1F00A39331 /* HighlighterView.h */ = {isa = PBXFileReference; fileEncoding = 4; lastKnownFileType = sourcecode.c.h; path = HighlighterView.h; sourceTree = "<group>"; };
		D8D93E7220161B1F00A39331 /* HighlighterView.m */ = {isa = PBXFileReference; fileEncoding = 4; lastKnownFileType = sourcecode.c.objc; path = HighlighterView.m; sourceTree = "<group>"; };
		D8D93E7320161B1F00A39331 /* HighlighterViewManager.h */ = {isa = PBXFileReference; fileEncoding = 4; lastKnownFileType = sourcecode.c.h; path = HighlighterViewManager.h; sourceTree = "<group>"; };
		D8D93E7420161B1F00A39331 /* HighlighterViewManager.m */ = {isa = PBXFileReference; fileEncoding = 4; lastKnownFileType = sourcecode.c.objc; path = HighlighterViewManager.m; sourceTree = "<group>"; };
		D8E5A536204C4F170000DA01 /* SafeAreaManager.h */ = {isa = PBXFileReference; fileEncoding = 4; lastKnownFileType = sourcecode.c.h; path = SafeAreaManager.h; sourceTree = "<group>"; };
		D8E5A537204C4F170000DA01 /* SafeAreaManager.m */ = {isa = PBXFileReference; fileEncoding = 4; lastKnownFileType = sourcecode.c.objc; path = SafeAreaManager.m; sourceTree = "<group>"; };
/* End PBXFileReference section */

/* Begin PBXFrameworksBuildPhase section */
		D8D93E6120161A7F00A39331 /* Frameworks */ = {
			isa = PBXFrameworksBuildPhase;
			buildActionMask = 2147483647;
			files = (
			);
			runOnlyForDeploymentPostprocessing = 0;
		};
/* End PBXFrameworksBuildPhase section */

/* Begin PBXGroup section */
		10823FAC23AFB06E00429E9A /* keyboardtrackingview */ = {
			isa = PBXGroup;
			children = (
				1054385B23BC748700D04E48 /* KeyboardTrackingViewTempManager.h */,
				1054385A23BC748700D04E48 /* KeyboardTrackingViewTempManager.m */,
				1054385423BBA1B800D04E48 /* ObservingInputAccessoryViewTemp.h */,
				1054385523BBA1C200D04E48 /* ObservingInputAccessoryViewTemp.m */,
				1054385723BBA26800D04E48 /* UIResponder+FirstResponderTemp.h */,
				1054385823BBA27900D04E48 /* UIResponder+FirstResponderTemp.m */,
			);
			path = keyboardtrackingview;
			sourceTree = "<group>";
		};
		10823FB623B0B98400429E9A /* keyboardinput */ = {
			isa = PBXGroup;
			children = (
				10823FC723B0BF5100429E9A /* rctcustomInputcontroller */,
				10823FB723B0B9AC00429E9A /* lninterpolation */,
			);
			path = keyboardinput;
			sourceTree = "<group>";
		};
		10823FB723B0B9AC00429E9A /* lninterpolation */ = {
			isa = PBXGroup;
			children = (
				10823FB823B0B9D000429E9A /* Color+Interpolation.h */,
				10823FB923B0B9DC00429E9A /* LNAnimator.h */,
				10823FBA23B0B9ED00429E9A /* LNInterpolable.h */,
				10823FBB23B0B9FA00429E9A /* LNInterpolation.h */,
				10823FBC23B0BA0900429E9A /* NSValue+Interpolation.h */,
				10823FBD23B0BAA200429E9A /* Color+Interpolation.m */,
				10823FBF23B0BE5600429E9A /* LNAnimator.m */,
				10823FC123B0BE9100429E9A /* LNInterpolable.m */,
				10823FC523B0BF0C00429E9A /* NSValue+Interpolation.mm */,
			);
			path = lninterpolation;
			sourceTree = "<group>";
		};
		10823FC723B0BF5100429E9A /* rctcustomInputcontroller */ = {
			isa = PBXGroup;
			children = (
				10823FC823B0BF6B00429E9A /* RCTCustomInputController.h */,
				10823FC923B0BF8400429E9A /* RCTCustomInputController.m */,
				10823FCB23B0BF9600429E9A /* RCTCustomKeyboardViewController.h */,
				10823FCC23B0BFAC00429E9A /* RCTCustomKeyboardViewController.m */,
			);
			path = rctcustomInputcontroller;
			sourceTree = "<group>";
		};
		D8D93E5B20161A7F00A39331 = {
			isa = PBXGroup;
			children = (
				D8D93E6620161A7F00A39331 /* reactnativeuilib */,
				D8D93E6520161A7F00A39331 /* Products */,
			);
			sourceTree = "<group>";
		};
		D8D93E6520161A7F00A39331 /* Products */ = {
			isa = PBXGroup;
			children = (
				D8D93E6420161A7F00A39331 /* libreactnativeuilib.a */,
			);
			name = Products;
			sourceTree = "<group>";
		};
		D8D93E6620161A7F00A39331 /* reactnativeuilib */ = {
			isa = PBXGroup;
			children = (
				10823FB623B0B98400429E9A /* keyboardinput */,
				10823FAC23AFB06E00429E9A /* keyboardtrackingview */,
				D8E5A535204C4F170000DA01 /* safearea */,
				D8D93E7020161B1F00A39331 /* highlighterview */,
			);
			path = reactnativeuilib;
			sourceTree = "<group>";
		};
		D8D93E7020161B1F00A39331 /* highlighterview */ = {
			isa = PBXGroup;
			children = (
				D8D93E7120161B1F00A39331 /* HighlighterView.h */,
				D8D93E7220161B1F00A39331 /* HighlighterView.m */,
				D8D93E7320161B1F00A39331 /* HighlighterViewManager.h */,
				D8D93E7420161B1F00A39331 /* HighlighterViewManager.m */,
			);
			path = highlighterview;
			sourceTree = "<group>";
		};
		D8E5A535204C4F170000DA01 /* safearea */ = {
			isa = PBXGroup;
			children = (
				D8E5A536204C4F170000DA01 /* SafeAreaManager.h */,
				D8E5A537204C4F170000DA01 /* SafeAreaManager.m */,
				D8AFAC97204E004C00D28FED /* SafeAreaSpacerShadowView.h */,
				D8AFAC9A204E004C00D28FED /* SafeAreaSpacerShadowView.m */,
				D8AFAC9C204E004C00D28FED /* SafeAreaSpacerView.h */,
				D8AFAC9E204E004D00D28FED /* SafeAreaSpacerView.m */,
				D8AFAC9B204E004C00D28FED /* SafeAreaSpacerViewLocalData.h */,
				D8AFAC9D204E004C00D28FED /* SafeAreaSpacerViewLocalData.m */,
				D8AFAC98204E004C00D28FED /* SafeAreaSpacerViewManager.h */,
				D8AFAC99204E004C00D28FED /* SafeAreaSpacerViewManager.m */,
			);
			path = safearea;
			sourceTree = "<group>";
		};
/* End PBXGroup section */

/* Begin PBXNativeTarget section */
		D8D93E6320161A7F00A39331 /* reactnativeuilib */ = {
			isa = PBXNativeTarget;
			buildConfigurationList = D8D93E6D20161A7F00A39331 /* Build configuration list for PBXNativeTarget "reactnativeuilib" */;
			buildPhases = (
				D8D93E6020161A7F00A39331 /* Sources */,
				D8D93E6120161A7F00A39331 /* Frameworks */,
				D8D93E6220161A7F00A39331 /* CopyFiles */,
			);
			buildRules = (
			);
			dependencies = (
			);
			name = reactnativeuilib;
			productName = reactnativeuilib;
			productReference = D8D93E6420161A7F00A39331 /* libreactnativeuilib.a */;
			productType = "com.apple.product-type.library.static";
		};
/* End PBXNativeTarget section */

/* Begin PBXProject section */
		D8D93E5C20161A7F00A39331 /* Project object */ = {
			isa = PBXProject;
			attributes = {
				LastUpgradeCheck = 0920;
				ORGANIZATIONNAME = wix;
				TargetAttributes = {
					D8D93E6320161A7F00A39331 = {
						CreatedOnToolsVersion = 9.2;
						ProvisioningStyle = Automatic;
					};
				};
			};
			buildConfigurationList = D8D93E5F20161A7F00A39331 /* Build configuration list for PBXProject "reactnativeuilib" */;
			compatibilityVersion = "Xcode 8.0";
			developmentRegion = en;
			hasScannedForEncodings = 0;
			knownRegions = (
				en,
			);
			mainGroup = D8D93E5B20161A7F00A39331;
			productRefGroup = D8D93E6520161A7F00A39331 /* Products */;
			projectDirPath = "";
			projectRoot = "";
			targets = (
				D8D93E6320161A7F00A39331 /* reactnativeuilib */,
			);
		};
/* End PBXProject section */

/* Begin PBXSourcesBuildPhase section */
		D8D93E6020161A7F00A39331 /* Sources */ = {
			isa = PBXSourcesBuildPhase;
			buildActionMask = 2147483647;
			files = (
				10823FCD23B0BFAC00429E9A /* RCTCustomKeyboardViewController.m in Sources */,
				1054385923BBA27900D04E48 /* UIResponder+FirstResponderTemp.m in Sources */,
				10823FC023B0BE5600429E9A /* LNAnimator.m in Sources */,
				D8AFACA2204E004D00D28FED /* SafeAreaSpacerView.m in Sources */,
				1054385C23BC748700D04E48 /* KeyboardTrackingViewTempManager.m in Sources */,
				D8AFACA0204E004D00D28FED /* SafeAreaSpacerShadowView.m in Sources */,
				10823FC623B0BF0C00429E9A /* NSValue+Interpolation.mm in Sources */,
				10823FC223B0BE9100429E9A /* LNInterpolable.m in Sources */,
				10823FB123AFB14700429E9A /* ObservingInputAccessoryView.m in Sources */,
				10823FAF23AFB12900429E9A /* KeyboardTrackingViewManager.m in Sources */,
				D8D93E7620161B1F00A39331 /* HighlighterViewManager.m in Sources */,
				1054385623BBA1C200D04E48 /* ObservingInputAccessoryViewTemp.m in Sources */,
				D8E5A538204C4F170000DA01 /* SafeAreaManager.m in Sources */,
				D8AFAC9F204E004D00D28FED /* SafeAreaSpacerViewManager.m in Sources */,
				D8AFACA1204E004D00D28FED /* SafeAreaSpacerViewLocalData.m in Sources */,
				10823FCA23B0BF8400429E9A /* RCTCustomInputController.m in Sources */,
				10823FBE23B0BAA200429E9A /* Color+Interpolation.m in Sources */,
				D8D93E7520161B1F00A39331 /* HighlighterView.m in Sources */,
			);
			runOnlyForDeploymentPostprocessing = 0;
		};
/* End PBXSourcesBuildPhase section */

/* Begin XCBuildConfiguration section */
		D8D93E6B20161A7F00A39331 /* Debug */ = {
			isa = XCBuildConfiguration;
			buildSettings = {
				ALWAYS_SEARCH_USER_PATHS = NO;
				CLANG_ANALYZER_NONNULL = YES;
				CLANG_ANALYZER_NUMBER_OBJECT_CONVERSION = YES_AGGRESSIVE;
				CLANG_CXX_LANGUAGE_STANDARD = "gnu++14";
				CLANG_CXX_LIBRARY = "libc++";
				CLANG_ENABLE_MODULES = YES;
				CLANG_ENABLE_OBJC_ARC = YES;
				CLANG_WARN_BLOCK_CAPTURE_AUTORELEASING = YES;
				CLANG_WARN_BOOL_CONVERSION = YES;
				CLANG_WARN_COMMA = YES;
				CLANG_WARN_CONSTANT_CONVERSION = YES;
				CLANG_WARN_DIRECT_OBJC_ISA_USAGE = YES_ERROR;
				CLANG_WARN_DOCUMENTATION_COMMENTS = YES;
				CLANG_WARN_EMPTY_BODY = YES;
				CLANG_WARN_ENUM_CONVERSION = YES;
				CLANG_WARN_INFINITE_RECURSION = YES;
				CLANG_WARN_INT_CONVERSION = YES;
				CLANG_WARN_NON_LITERAL_NULL_CONVERSION = YES;
				CLANG_WARN_OBJC_LITERAL_CONVERSION = YES;
				CLANG_WARN_OBJC_ROOT_CLASS = YES_ERROR;
				CLANG_WARN_RANGE_LOOP_ANALYSIS = YES;
				CLANG_WARN_STRICT_PROTOTYPES = YES;
				CLANG_WARN_SUSPICIOUS_MOVE = YES;
				CLANG_WARN_UNGUARDED_AVAILABILITY = YES_AGGRESSIVE;
				CLANG_WARN_UNREACHABLE_CODE = YES;
				CLANG_WARN__DUPLICATE_METHOD_MATCH = YES;
				CODE_SIGN_IDENTITY = "iPhone Developer";
				COPY_PHASE_STRIP = NO;
				DEBUG_INFORMATION_FORMAT = dwarf;
				ENABLE_STRICT_OBJC_MSGSEND = YES;
				ENABLE_TESTABILITY = YES;
				GCC_C_LANGUAGE_STANDARD = gnu11;
				GCC_DYNAMIC_NO_PIC = NO;
				GCC_NO_COMMON_BLOCKS = YES;
				GCC_OPTIMIZATION_LEVEL = 0;
				GCC_PREPROCESSOR_DEFINITIONS = (
					"DEBUG=1",
					"$(inherited)",
				);
				GCC_WARN_64_TO_32_BIT_CONVERSION = YES;
				GCC_WARN_ABOUT_RETURN_TYPE = YES_ERROR;
				GCC_WARN_UNDECLARED_SELECTOR = YES;
				GCC_WARN_UNINITIALIZED_AUTOS = YES_AGGRESSIVE;
				GCC_WARN_UNUSED_FUNCTION = YES;
				GCC_WARN_UNUSED_VARIABLE = YES;
				IPHONEOS_DEPLOYMENT_TARGET = 9.3;
				MTL_ENABLE_DEBUG_INFO = YES;
				ONLY_ACTIVE_ARCH = YES;
				SDKROOT = iphoneos;
			};
			name = Debug;
		};
		D8D93E6C20161A7F00A39331 /* Release */ = {
			isa = XCBuildConfiguration;
			buildSettings = {
				ALWAYS_SEARCH_USER_PATHS = NO;
				CLANG_ANALYZER_NONNULL = YES;
				CLANG_ANALYZER_NUMBER_OBJECT_CONVERSION = YES_AGGRESSIVE;
				CLANG_CXX_LANGUAGE_STANDARD = "gnu++14";
				CLANG_CXX_LIBRARY = "libc++";
				CLANG_ENABLE_MODULES = YES;
				CLANG_ENABLE_OBJC_ARC = YES;
				CLANG_WARN_BLOCK_CAPTURE_AUTORELEASING = YES;
				CLANG_WARN_BOOL_CONVERSION = YES;
				CLANG_WARN_COMMA = YES;
				CLANG_WARN_CONSTANT_CONVERSION = YES;
				CLANG_WARN_DIRECT_OBJC_ISA_USAGE = YES_ERROR;
				CLANG_WARN_DOCUMENTATION_COMMENTS = YES;
				CLANG_WARN_EMPTY_BODY = YES;
				CLANG_WARN_ENUM_CONVERSION = YES;
				CLANG_WARN_INFINITE_RECURSION = YES;
				CLANG_WARN_INT_CONVERSION = YES;
				CLANG_WARN_NON_LITERAL_NULL_CONVERSION = YES;
				CLANG_WARN_OBJC_LITERAL_CONVERSION = YES;
				CLANG_WARN_OBJC_ROOT_CLASS = YES_ERROR;
				CLANG_WARN_RANGE_LOOP_ANALYSIS = YES;
				CLANG_WARN_STRICT_PROTOTYPES = YES;
				CLANG_WARN_SUSPICIOUS_MOVE = YES;
				CLANG_WARN_UNGUARDED_AVAILABILITY = YES_AGGRESSIVE;
				CLANG_WARN_UNREACHABLE_CODE = YES;
				CLANG_WARN__DUPLICATE_METHOD_MATCH = YES;
				CODE_SIGN_IDENTITY = "iPhone Developer";
				COPY_PHASE_STRIP = NO;
				DEBUG_INFORMATION_FORMAT = "dwarf-with-dsym";
				ENABLE_NS_ASSERTIONS = NO;
				ENABLE_STRICT_OBJC_MSGSEND = YES;
				GCC_C_LANGUAGE_STANDARD = gnu11;
				GCC_NO_COMMON_BLOCKS = YES;
				GCC_WARN_64_TO_32_BIT_CONVERSION = YES;
				GCC_WARN_ABOUT_RETURN_TYPE = YES_ERROR;
				GCC_WARN_UNDECLARED_SELECTOR = YES;
				GCC_WARN_UNINITIALIZED_AUTOS = YES_AGGRESSIVE;
				GCC_WARN_UNUSED_FUNCTION = YES;
				GCC_WARN_UNUSED_VARIABLE = YES;
				IPHONEOS_DEPLOYMENT_TARGET = 9.3;
				MTL_ENABLE_DEBUG_INFO = NO;
				SDKROOT = iphoneos;
				VALIDATE_PRODUCT = YES;
			};
			name = Release;
		};
		D8D93E6E20161A7F00A39331 /* Debug */ = {
			isa = XCBuildConfiguration;
			buildSettings = {
				CODE_SIGN_STYLE = Automatic;
				OTHER_LDFLAGS = "-ObjC";
				PRODUCT_NAME = "$(TARGET_NAME)";
				SKIP_INSTALL = YES;
				TARGETED_DEVICE_FAMILY = "1,2";
			};
			name = Debug;
		};
		D8D93E6F20161A7F00A39331 /* Release */ = {
			isa = XCBuildConfiguration;
			buildSettings = {
				CODE_SIGN_STYLE = Automatic;
				OTHER_LDFLAGS = "-ObjC";
				PRODUCT_NAME = "$(TARGET_NAME)";
				SKIP_INSTALL = YES;
				TARGETED_DEVICE_FAMILY = "1,2";
			};
			name = Release;
		};
/* End XCBuildConfiguration section */

/* Begin XCConfigurationList section */
		D8D93E5F20161A7F00A39331 /* Build configuration list for PBXProject "reactnativeuilib" */ = {
			isa = XCConfigurationList;
			buildConfigurations = (
				D8D93E6B20161A7F00A39331 /* Debug */,
				D8D93E6C20161A7F00A39331 /* Release */,
			);
			defaultConfigurationIsVisible = 0;
			defaultConfigurationName = Release;
		};
		D8D93E6D20161A7F00A39331 /* Build configuration list for PBXNativeTarget "reactnativeuilib" */ = {
			isa = XCConfigurationList;
			buildConfigurations = (
				D8D93E6E20161A7F00A39331 /* Debug */,
				D8D93E6F20161A7F00A39331 /* Release */,
			);
			defaultConfigurationIsVisible = 0;
			defaultConfigurationName = Release;
		};
/* End XCConfigurationList section */
	};
	rootObject = D8D93E5C20161A7F00A39331 /* Project object */;
}
